
Microsoft Visual Studio Solution File, Format Version 12.00
# Visual Studio Version 16
VisualStudioVersion = 16.0.29230.47
MinimumVisualStudioVersion = 10.0.40219.1
Project("{FAE04EC0-301F-11D3-BF4B-00C04F79EFBC}") = "TSPAlgrorithm", "BinaryOperators\TSPAlgrorithm.csproj", "{35F60FA8-2B18-4DAF-8D54-A8BA5CA06917}"
EndProject
Global
	GlobalSection(SolutionConfigurationPlatforms) = preSolution
		Debug|Any CPU = Debug|Any CPU
		Release|Any CPU = Release|Any CPU
	EndGlobalSection
	GlobalSection(ProjectConfigurationPlatforms) = postSolution
		{35F60FA8-2B18-4DAF-8D54-A8BA5CA06917}.Debug|Any CPU.ActiveCfg = Debug|Any CPU
		{35F60FA8-2B18-4DAF-8D54-A8BA5CA06917}.Debug|Any CPU.Build.0 = Debug|Any CPU
		{35F60FA8-2B18-4DAF-8D54-A8BA5CA06917}.Release|Any CPU.ActiveCfg = Release|Any CPU
		{35F60FA8-2B18-4DAF-8D54-A8BA5CA06917}.Release|Any CPU.Build.0 = Release|Any CPU
	EndGlobalSection
	GlobalSection(SolutionProperties) = preSolution
		HideSolutionNode = FALSE
	EndGlobalSection
	GlobalSection(ExtensibilityGlobals) = postSolution
		SolutionGuid = {40ADE4B0-E10F-45EA-970B-E02807EB47C6}
	EndGlobalSection
EndGlobal
